{
  "version": 1,
  "dependencies": {
    "net8.0": {
      "Microsoft.AspNetCore.Authentication.JwtBearer": {
        "type": "Direct",
        "requested": "[8.0.15, )",
        "resolved": "8.0.15",
        "contentHash": "41DQAWCOIDS9ZzW6hWCShRiVrBLvz2QqR+i0VhMa4JHuQLNW2axfiWgEbB8jYt8try1ez2Q+z1PfF3vbl+B9gA==",
        "dependencies": {
          "Microsoft.IdentityModel.Protocols.OpenIdConnect": "7.1.2"
        }
      },
      "NSwag.AspNetCore": {
        "type": "Direct",
        "requested": "[14.3.0, )",
        "resolved": "14.3.0",
        "contentHash": "wbxAMnyF4EPCCBktCwRLM3e2DPYclRlPqctK3TKCDL/mTI1T9IzlVmo93B0h4lb6bwU6CW12kunTFr8kdlLlTg==",
        "dependencies": {
          "Microsoft.Extensions.ApiDescription.Server": "6.0.3",
          "Microsoft.Extensions.FileProviders.Embedded": "8.0.0",
          "NSwag.Annotations": "14.3.0",
          "NSwag.Core": "14.3.0",
          "NSwag.Core.Yaml": "14.3.0",
          "NSwag.Generation": "14.3.0",
          "NSwag.Generation.AspNetCore": "14.3.0"
        }
      },
      "SonarAnalyzer.CSharp": {
        "type": "Direct",
        "requested": "[10.8.0.113526, )",
        "resolved": "10.8.0.113526",
        "contentHash": "2+Gk4w467coeL9ozQlAN9y0mwMj3XmlacFYZE0Ptz4LC4EkmMPwY5ygYPkwg9/xJ1SIShmoAC+5Sinb3khHDng=="
      },
      "JWT": {
        "type": "Transitive",
        "resolved": "11.0.0",
        "contentHash": "jOT1PA95jgf78CqWsKt8hz9Uzv4J39vukzf5nYtfky9N6wl1W4vIXT1CdkQI7zG20HnApEMtmpC/pMtCKr4rvw==",
        "dependencies": {
          "Newtonsoft.Json": "13.0.3"
        }
      },
      "Microsoft.Extensions.ApiDescription.Server": {
        "type": "Transitive",
        "resolved": "6.0.3",
        "contentHash": "/FkS66n3wJaUR+Grkg+dMMIyrfmfkEybNoyOhdBMURxavPx6Q1Kn7NY5Ho41s975gpXA9Pnw7WRJbxwICLFgbw=="
      },
      "Microsoft.Extensions.DependencyInjection.Abstractions": {
        "type": "Transitive",
        "resolved": "9.0.3",
        "contentHash": "TfaHPSe39NyL2wxkisRxXK7xvHGZYBZ+dy3r+mqGvnxKgAPdHkMu3QMQZI4pquP6W5FIQBqs8FJpWV8ffCgDqQ=="
      },
      "Microsoft.Extensions.FileProviders.Abstractions": {
        "type": "Transitive",
        "resolved": "8.0.0",
        "contentHash": "ZbaMlhJlpisjuWbvXr4LdAst/1XxH3vZ6A0BsgTphZ2L4PGuxRLz7Jr/S7mkAAnOn78Vu0fKhEgNF5JO3zfjqQ==",
        "dependencies": {
          "Microsoft.Extensions.Primitives": "8.0.0"
        }
      },
      "Microsoft.Extensions.FileProviders.Embedded": {
        "type": "Transitive",
        "resolved": "8.0.0",
        "contentHash": "TuRh62KcoOvaSDCbtHT8K0WYptZysYQHPRRNfOgqF7ZUtUL4O0WMV8RdxbtDFJDsg3jv9bgHwXbrgwTeI9+5uQ==",
        "dependencies": {
          "Microsoft.Extensions.FileProviders.Abstractions": "8.0.0"
        }
      },
      "Microsoft.Extensions.Logging.Abstractions": {
        "type": "Transitive",
        "resolved": "9.0.3",
        "contentHash": "H/MBMLt9A/69Ux4OrV7oCKt3DcMT04o5SCqDolulzQA66TLFEpYYb4qedMs/uwrLtyHXGuDGWKZse/oa8W9AZw==",
        "dependencies": {
          "Microsoft.Extensions.DependencyInjection.Abstractions": "9.0.3",
          "System.Diagnostics.DiagnosticSource": "9.0.3"
        }
      },
      "Microsoft.Extensions.Options": {
        "type": "Transitive",
        "resolved": "9.0.3",
        "contentHash": "xE7MpY70lkw1oiid5y6FbL9dVw8oLfkx8RhSNGN8sSzBlCqGn0SyT3Fqc8tZnDaPIq7Z8R9RTKlS564DS+MV3g==",
        "dependencies": {
          "Microsoft.Extensions.DependencyInjection.Abstractions": "9.0.3",
          "Microsoft.Extensions.Primitives": "9.0.3"
        }
      },
      "Microsoft.Extensions.Primitives": {
        "type": "Transitive",
        "resolved": "9.0.3",
        "contentHash": "yCCJHvBcRyqapMSNzP+kTc57Eaavq2cr5Tmuil6/XVnipQf5xmskxakSQ1enU6S4+fNg3sJ27WcInV64q24JsA=="
      },
      "Microsoft.IdentityModel.Abstractions": {
        "type": "Transitive",
        "resolved": "7.1.2",
        "contentHash": "33eTIA2uO/L9utJjZWbKsMSVsQf7F8vtd6q5mQX7ZJzNvCpci5fleD6AeANGlbbb7WX7XKxq9+Dkb5e3GNDrmQ=="
      },
      "Microsoft.IdentityModel.JsonWebTokens": {
        "type": "Transitive",
        "resolved": "7.1.2",
        "contentHash": "cloLGeZolXbCJhJBc5OC05uhrdhdPL6MWHuVUnkkUvPDeK7HkwThBaLZ1XjBQVk9YhxXE2OvHXnKi0PLleXxDg==",
        "dependencies": {
          "Microsoft.IdentityModel.Tokens": "7.1.2"
        }
      },
      "Microsoft.IdentityModel.Logging": {
        "type": "Transitive",
        "resolved": "7.1.2",
        "contentHash": "YCxBt2EeJP8fcXk9desChkWI+0vFqFLvBwrz5hBMsoh0KJE6BC66DnzkdzkJNqMltLromc52dkdT206jJ38cTw==",
        "dependencies": {
          "Microsoft.IdentityModel.Abstractions": "7.1.2"
        }
      },
      "Microsoft.IdentityModel.Protocols": {
        "type": "Transitive",
        "resolved": "7.1.2",
        "contentHash": "SydLwMRFx6EHPWJ+N6+MVaoArN1Htt92b935O3RUWPY1yUF63zEjvd3lBu79eWdZUwedP8TN2I5V9T3nackvIQ==",
        "dependencies": {
          "Microsoft.IdentityModel.Logging": "7.1.2",
          "Microsoft.IdentityModel.Tokens": "7.1.2"
        }
      },
      "Microsoft.IdentityModel.Protocols.OpenIdConnect": {
        "type": "Transitive",
        "resolved": "7.1.2",
        "contentHash": "6lHQoLXhnMQ42mGrfDkzbIOR3rzKM1W1tgTeMPLgLCqwwGw0d96xFi/UiX/fYsu7d6cD5MJiL3+4HuI8VU+sVQ==",
        "dependencies": {
          "Microsoft.IdentityModel.Protocols": "7.1.2",
          "System.IdentityModel.Tokens.Jwt": "7.1.2"
        }
      },
      "Microsoft.IdentityModel.Tokens": {
        "type": "Transitive",
        "resolved": "7.1.2",
        "contentHash": "oICJMqr3aNEDZOwnH5SK49bR6Z4aX0zEAnOLuhloumOSuqnNq+GWBdQyrgILnlcT5xj09xKCP/7Y7gJYB+ls/g==",
        "dependencies": {
          "Microsoft.IdentityModel.Logging": "7.1.2"
        }
      },
      "Namotion.Reflection": {
        "type": "Transitive",
        "resolved": "3.3.0",
        "contentHash": "8bIO+tMrKLv/5Hx1rnJgoz8MjGhpiWtSxadvhmGYm/WTeOLAnfR1ZKNz1FMmhQ0YmchNebn6ERVUOwBqV81GXQ=="
      },
      "Newtonsoft.Json": {
        "type": "Transitive",
        "resolved": "13.0.3",
        "contentHash": "HrC5BXdl00IP9zeV+0Z848QWPAoCr9P3bDEZguI+gkLcBKAOxix/tLEAAHC+UvDNPv4a2d18lOReHMOagPa+zQ=="
      },
      "NJsonSchema": {
        "type": "Transitive",
        "resolved": "11.2.0",
        "contentHash": "ucPJuxr7d3sbOB4pewr50lDhjCloIFgyFV3OwyIGWGKiSL4H2FNjfT0kYwaIbPdhT8psPyphYpMYhzbdBZpudw==",
        "dependencies": {
          "NJsonSchema.Annotations": "11.2.0",
          "Namotion.Reflection": "3.3.0",
          "Newtonsoft.Json": "13.0.3"
        }
      },
      "NJsonSchema.Annotations": {
        "type": "Transitive",
        "resolved": "11.2.0",
        "contentHash": "YY7oavkCD+lbcFsjvDY0+h1/C+TgX5lYRQaracIq5zqF6FC35ddig+hARrta4Hk5/O3RbjH5I22/Qg25YNqmrA=="
      },
      "NJsonSchema.NewtonsoftJson": {
        "type": "Transitive",
        "resolved": "11.2.0",
        "contentHash": "5+40CksxHlx9CWQ0MnAkpJGA8MDFdlCR+18SNcg85X+UecT+EYfVVpiZX81mLYBsmbsWHXvPMm/Jipekm0XC8Q==",
        "dependencies": {
          "NJsonSchema": "11.2.0",
          "Newtonsoft.Json": "13.0.3"
        }
      },
      "NJsonSchema.Yaml": {
        "type": "Transitive",
        "resolved": "11.2.0",
        "contentHash": "s7K5l7evqCbAxG9fzNhxtTJMb/UOqWeLMkKWU7VU8myBv3zJEvrZE8LGEuXGY/rLwp2TRViIU1jhAeuOiZWdmA==",
        "dependencies": {
          "NJsonSchema": "11.2.0",
          "YamlDotNet": "16.3.0"
        }
      },
      "NSwag.Annotations": {
        "type": "Transitive",
        "resolved": "14.3.0",
        "contentHash": "y6xf+prDBQXoQu9EF2HsJdtAaVRBZCZsXMC1M2X2vy1P4urtSOiTgbWtT8+YqLOnyGyQ0cQUUh0a28B5Msniyg=="
      },
      "NSwag.Core": {
        "type": "Transitive",
        "resolved": "14.3.0",
        "contentHash": "j+wzDKITFuHcP9TbCGmhKkMCNn8plLqKftR8awcL47VRob+7GqxVJu7Ol2GIjNtE0Mk3Dc2V1ihaRKBhyzi6jA==",
        "dependencies": {
          "NJsonSchema": "11.2.0"
        }
      },
      "NSwag.Core.Yaml": {
        "type": "Transitive",
        "resolved": "14.3.0",
        "contentHash": "od7zHVgWUwf8vpiXtA+Xy3OQAfbbEGEaNCbiwrEIzXv7TK7OyFinNHVhMfBeDWqQxx0DBeJKpg9gjAz0etJxiA==",
        "dependencies": {
          "NJsonSchema.Yaml": "11.2.0",
          "NSwag.Core": "14.3.0"
        }
      },
      "NSwag.Generation": {
        "type": "Transitive",
        "resolved": "14.3.0",
        "contentHash": "j7CpTmowgvseYF19tkEHXbDmNtehZrcbzWODKvneFxkDn0dwWX8yihFHYMDD5yhtcb5xFhqW26+Ln+yHWz/3MA==",
        "dependencies": {
          "NJsonSchema.NewtonsoftJson": "11.2.0",
          "NSwag.Core": "14.3.0"
        }
      },
      "NSwag.Generation.AspNetCore": {
        "type": "Transitive",
        "resolved": "14.3.0",
        "contentHash": "1+XqYkYD2pSEY1jW9/ddngX72sgCKKfd4z13SF8kd+dQqMky8WvWa5jd+AQSDE6LJws+jckyfzDnSMTbBkYweg==",
        "dependencies": {
          "Microsoft.Extensions.DependencyInjection.Abstractions": "8.0.0",
          "Microsoft.Extensions.Options": "8.0.0",
          "NSwag.Generation": "14.3.0"
        }
      },
      "System.Diagnostics.DiagnosticSource": {
        "type": "Transitive",
        "resolved": "9.0.3",
        "contentHash": "cBA+28xDW33tSiGht/H8xvr8lnaCrgJ7EdO348AfSGsX4PPJUOULKxny/cc9DVNGExaCrtqagsnm5M2mkWIZ+g=="
      },
      "System.IdentityModel.Tokens.Jwt": {
        "type": "Transitive",
        "resolved": "7.1.2",
        "contentHash": "Thhbe1peAmtSBFaV/ohtykXiZSOkx59Da44hvtWfIMFofDA3M3LaVyjstACf2rKGn4dEDR2cUpRAZ0Xs/zB+7Q==",
        "dependencies": {
          "Microsoft.IdentityModel.JsonWebTokens": "7.1.2",
          "Microsoft.IdentityModel.Tokens": "7.1.2"
        }
      },
      "YamlDotNet": {
        "type": "Transitive",
        "resolved": "16.3.0",
        "contentHash": "SgMOdxbz8X65z8hraIs6hOEdnkH6hESTAIUa7viEngHOYaH+6q5XJmwr1+yb9vJpNQ19hCQY69xbFsLtXpobQA=="
      },
      "application": {
        "type": "Project",
        "dependencies": {
          "Core": "[1.0.0, )",
          "JWT": "[11.0.0, )",
          "Microsoft.Extensions.DependencyInjection.Abstractions": "[9.0.3, )",
          "Microsoft.Extensions.Logging.Abstractions": "[9.0.3, )",
          "Microsoft.Extensions.Options": "[9.0.3, )"
        }
      },
      "core": {
        "type": "Project"
      }
    }
  }
}